apiVersion: vendir.k14s.io/v1alpha1
directories:
- contents:
  - git:
      commitTitle: '[GS] add VPA for linkerd-viz...'
      sha: 01055dd14c7a644c8ef82442f8143acf17bff90c
      tags:
      - stable-2.10.1-3187-g01055dd14
    path: linkerd
  path: vendor
- contents:
  - directory: {}
    path: .
  path: helm/linkerd-viz/templates
- contents:
  - directory: {}
    path: .
  path: helm/linkerd-viz/charts/partials
kind: LockConfig
