apiVersion: vendir.k14s.io/v1alpha1
directories:
- contents:
  - git:
      commitTitle: fix viz image repo value name...
      sha: a9cd0e7a741e1e615bb6feab9c2b7249e78f4467
      tags:
      - stable-2.10.1-2934-ga9cd0e7a7
    path: linkerd
  path: vendor
- contents:
  - directory: {}
    path: .
  path: helm/linkerd-viz/templates
- contents:
  - directory: {}
    path: .
  path: helm/linkerd-viz/charts/partials
kind: LockConfig
