apiVersion: vendir.k14s.io/v1alpha1
directories:
- contents:
  - git:
      commitTitle: Add PDB for tap and tap-injector (#558)...
      sha: ab842c589f03422eaecf9c5ef58ae86af5a7aed5
      tags:
      - stable-2.10.1-2937-gab842c589
    path: linkerd
  path: vendor
- contents:
  - directory: {}
    path: .
  path: helm/linkerd-viz/templates
- contents:
  - directory: {}
    path: .
  path: helm/linkerd-viz/charts/partials
kind: LockConfig
